
Microsoft Visual Studio Solution File, Format Version 12.00
# Visual Studio Version 16
VisualStudioVersion = 16.0.32126.315
MinimumVisualStudioVersion = 10.0.40219.1
Project("{FAE04EC0-301F-11D3-BF4B-00C04F79EFBC}") = "lab3ex1", "lab3ex1\lab3ex1.csproj", "{77FE7070-85AC-4D05-8FCE-C7612ED7658A}"
EndProject
Project("{FAE04EC0-301F-11D3-BF4B-00C04F79EFBC}") = "lab3ex2", "lab3ex2\lab3ex2.csproj", "{C5F56DBD-2BF8-40DF-9879-9F73176B8FD7}"
EndProject
Project("{FAE04EC0-301F-11D3-BF4B-00C04F79EFBC}") = "lab3ex3", "lab3ex3\lab3ex3.csproj", "{D8854822-E61A-4E14-81F7-C1CC308CD5A2}"
EndProject
Project("{FAE04EC0-301F-11D3-BF4B-00C04F79EFBC}") = "lab3ex4", "lab3ex4\lab3ex4.csproj", "{CD200719-5F07-4059-AC68-4FD9C5527C21}"
EndProject
Project("{FAE04EC0-301F-11D3-BF4B-00C04F79EFBC}") = "lab3ex5", "lab3ex5\lab3ex5.csproj", "{75B08678-A61E-4A9B-AACD-5846F6C72CB2}"
EndProject
Project("{FAE04EC0-301F-11D3-BF4B-00C04F79EFBC}") = "lab3ex6", "lab3ex6\lab3ex6.csproj", "{B7F3DF20-1FA1-46A5-8A35-CDA9B2BEADDC}"
EndProject
Project("{FAE04EC0-301F-11D3-BF4B-00C04F79EFBC}") = "lab3ex7", "lab6ex7\lab3ex7.csproj", "{55A85888-1BA9-43E2-A709-0E79A90376A6}"
EndProject
Project("{FAE04EC0-301F-11D3-BF4B-00C04F79EFBC}") = "lab3ex8", "lab3ex8\lab3ex8.csproj", "{8AD0336C-310F-427D-AF66-5EDC7BEE758A}"
EndProject
Global
	GlobalSection(SolutionConfigurationPlatforms) = preSolution
		Debug|Any CPU = Debug|Any CPU
		Release|Any CPU = Release|Any CPU
	EndGlobalSection
	GlobalSection(ProjectConfigurationPlatforms) = postSolution
		{77FE7070-85AC-4D05-8FCE-C7612ED7658A}.Debug|Any CPU.ActiveCfg = Debug|Any CPU
		{77FE7070-85AC-4D05-8FCE-C7612ED7658A}.Debug|Any CPU.Build.0 = Debug|Any CPU
		{77FE7070-85AC-4D05-8FCE-C7612ED7658A}.Release|Any CPU.ActiveCfg = Release|Any CPU
		{77FE7070-85AC-4D05-8FCE-C7612ED7658A}.Release|Any CPU.Build.0 = Release|Any CPU
		{C5F56DBD-2BF8-40DF-9879-9F73176B8FD7}.Debug|Any CPU.ActiveCfg = Debug|Any CPU
		{C5F56DBD-2BF8-40DF-9879-9F73176B8FD7}.Debug|Any CPU.Build.0 = Debug|Any CPU
		{C5F56DBD-2BF8-40DF-9879-9F73176B8FD7}.Release|Any CPU.ActiveCfg = Release|Any CPU
		{C5F56DBD-2BF8-40DF-9879-9F73176B8FD7}.Release|Any CPU.Build.0 = Release|Any CPU
		{D8854822-E61A-4E14-81F7-C1CC308CD5A2}.Debug|Any CPU.ActiveCfg = Debug|Any CPU
		{D8854822-E61A-4E14-81F7-C1CC308CD5A2}.Debug|Any CPU.Build.0 = Debug|Any CPU
		{D8854822-E61A-4E14-81F7-C1CC308CD5A2}.Release|Any CPU.ActiveCfg = Release|Any CPU
		{D8854822-E61A-4E14-81F7-C1CC308CD5A2}.Release|Any CPU.Build.0 = Release|Any CPU
		{CD200719-5F07-4059-AC68-4FD9C5527C21}.Debug|Any CPU.ActiveCfg = Debug|Any CPU
		{CD200719-5F07-4059-AC68-4FD9C5527C21}.Debug|Any CPU.Build.0 = Debug|Any CPU
		{CD200719-5F07-4059-AC68-4FD9C5527C21}.Release|Any CPU.ActiveCfg = Release|Any CPU
		{CD200719-5F07-4059-AC68-4FD9C5527C21}.Release|Any CPU.Build.0 = Release|Any CPU
		{75B08678-A61E-4A9B-AACD-5846F6C72CB2}.Debug|Any CPU.ActiveCfg = Debug|Any CPU
		{75B08678-A61E-4A9B-AACD-5846F6C72CB2}.Debug|Any CPU.Build.0 = Debug|Any CPU
		{75B08678-A61E-4A9B-AACD-5846F6C72CB2}.Release|Any CPU.ActiveCfg = Release|Any CPU
		{75B08678-A61E-4A9B-AACD-5846F6C72CB2}.Release|Any CPU.Build.0 = Release|Any CPU
		{B7F3DF20-1FA1-46A5-8A35-CDA9B2BEADDC}.Debug|Any CPU.ActiveCfg = Debug|Any CPU
		{B7F3DF20-1FA1-46A5-8A35-CDA9B2BEADDC}.Debug|Any CPU.Build.0 = Debug|Any CPU
		{B7F3DF20-1FA1-46A5-8A35-CDA9B2BEADDC}.Release|Any CPU.ActiveCfg = Release|Any CPU
		{B7F3DF20-1FA1-46A5-8A35-CDA9B2BEADDC}.Release|Any CPU.Build.0 = Release|Any CPU
		{55A85888-1BA9-43E2-A709-0E79A90376A6}.Debug|Any CPU.ActiveCfg = Debug|Any CPU
		{55A85888-1BA9-43E2-A709-0E79A90376A6}.Debug|Any CPU.Build.0 = Debug|Any CPU
		{55A85888-1BA9-43E2-A709-0E79A90376A6}.Release|Any CPU.ActiveCfg = Release|Any CPU
		{55A85888-1BA9-43E2-A709-0E79A90376A6}.Release|Any CPU.Build.0 = Release|Any CPU
		{8AD0336C-310F-427D-AF66-5EDC7BEE758A}.Debug|Any CPU.ActiveCfg = Debug|Any CPU
		{8AD0336C-310F-427D-AF66-5EDC7BEE758A}.Debug|Any CPU.Build.0 = Debug|Any CPU
		{8AD0336C-310F-427D-AF66-5EDC7BEE758A}.Release|Any CPU.ActiveCfg = Release|Any CPU
		{8AD0336C-310F-427D-AF66-5EDC7BEE758A}.Release|Any CPU.Build.0 = Release|Any CPU
	EndGlobalSection
	GlobalSection(SolutionProperties) = preSolution
		HideSolutionNode = FALSE
	EndGlobalSection
	GlobalSection(ExtensibilityGlobals) = postSolution
		SolutionGuid = {3A77E69F-14C8-4705-BE5F-078016B2A42A}
	EndGlobalSection
EndGlobal
